
Microsoft Visual Studio Solution File, Format Version 12.00
# Visual Studio Version 16
VisualStudioVersion = 16.0.30717.126
MinimumVisualStudioVersion = 10.0.40219.1
Project("{FAE04EC0-301F-11D3-BF4B-00C04F79EFBC}") = "FizzBuzz.Main", "FizzBuzz\FizzBuzz.Main.csproj", "{AB2385D7-1C1B-4A69-8107-8981F07F15EC}"
EndProject
Project("{FAE04EC0-301F-11D3-BF4B-00C04F79EFBC}") = "FizzBuzz.Test", "FizzBuzz.Test\FizzBuzz.Test.csproj", "{7C7A15B1-631D-4297-904A-F502B0A5D51E}"
EndProject
Global
	GlobalSection(SolutionConfigurationPlatforms) = preSolution
		Debug|Any CPU = Debug|Any CPU
		Release|Any CPU = Release|Any CPU
	EndGlobalSection
	GlobalSection(ProjectConfigurationPlatforms) = postSolution
		{AB2385D7-1C1B-4A69-8107-8981F07F15EC}.Debug|Any CPU.ActiveCfg = Debug|Any CPU
		{AB2385D7-1C1B-4A69-8107-8981F07F15EC}.Debug|Any CPU.Build.0 = Debug|Any CPU
		{AB2385D7-1C1B-4A69-8107-8981F07F15EC}.Release|Any CPU.ActiveCfg = Release|Any CPU
		{AB2385D7-1C1B-4A69-8107-8981F07F15EC}.Release|Any CPU.Build.0 = Release|Any CPU
		{7C7A15B1-631D-4297-904A-F502B0A5D51E}.Debug|Any CPU.ActiveCfg = Debug|Any CPU
		{7C7A15B1-631D-4297-904A-F502B0A5D51E}.Debug|Any CPU.Build.0 = Debug|Any CPU
		{7C7A15B1-631D-4297-904A-F502B0A5D51E}.Release|Any CPU.ActiveCfg = Release|Any CPU
		{7C7A15B1-631D-4297-904A-F502B0A5D51E}.Release|Any CPU.Build.0 = Release|Any CPU
	EndGlobalSection
	GlobalSection(SolutionProperties) = preSolution
		HideSolutionNode = FALSE
	EndGlobalSection
	GlobalSection(ExtensibilityGlobals) = postSolution
		SolutionGuid = {DE9A229C-E2FB-4969-9360-3B5257E4D585}
	EndGlobalSection
EndGlobal
